
Microsoft Visual Studio Solution File, Format Version 12.00
# Visual Studio 15
VisualStudioVersion = 15.0.28307.1209
MinimumVisualStudioVersion = 10.0.40219.1
Project("{8BC9CEB8-8B4A-11D0-8D11-00A0C91BC942}") = "BasicGame", "BasicGame\BasicGame.vcxproj", "{BFACBB4E-C2EA-4465-BF3A-EB2BD086B741}"
EndProject
Project("{2150E333-8FDC-42A3-9474-1A3956D46DE8}") = "Solution Items", "Solution Items", "{7F362355-78BE-4743-80F1-43C3FB2906AC}"
	ProjectSection(SolutionItems) = preProject
		BasicGame Demo Install Help.txt = BasicGame Demo Install Help.txt
	EndProjectSection
EndProject
Project("{2150E333-8FDC-42A3-9474-1A3956D46DE8}") = "Lib", "Lib", "{E5DDA761-3E19-41EA-B96E-B199403E9BB9}"
EndProject
Global
	GlobalSection(SolutionConfigurationPlatforms) = preSolution
		Debug|x64 = Debug|x64
		Debug|x86 = Debug|x86
		Release|x64 = Release|x64
		Release|x86 = Release|x86
	EndGlobalSection
	GlobalSection(ProjectConfigurationPlatforms) = postSolution
		{BFACBB4E-C2EA-4465-BF3A-EB2BD086B741}.Debug|x64.ActiveCfg = Debug|x64
		{BFACBB4E-C2EA-4465-BF3A-EB2BD086B741}.Debug|x64.Build.0 = Debug|x64
		{BFACBB4E-C2EA-4465-BF3A-EB2BD086B741}.Debug|x86.ActiveCfg = Debug|Win32
		{BFACBB4E-C2EA-4465-BF3A-EB2BD086B741}.Debug|x86.Build.0 = Debug|Win32
		{BFACBB4E-C2EA-4465-BF3A-EB2BD086B741}.Release|x64.ActiveCfg = Release|x64
		{BFACBB4E-C2EA-4465-BF3A-EB2BD086B741}.Release|x64.Build.0 = Release|x64
		{BFACBB4E-C2EA-4465-BF3A-EB2BD086B741}.Release|x86.ActiveCfg = Release|Win32
		{BFACBB4E-C2EA-4465-BF3A-EB2BD086B741}.Release|x86.Build.0 = Release|Win32
	EndGlobalSection
	GlobalSection(SolutionProperties) = preSolution
		HideSolutionNode = FALSE
	EndGlobalSection
	GlobalSection(ExtensibilityGlobals) = postSolution
		SolutionGuid = {191F48F2-6190-4EEA-96A5-FB6420DF175A}
	EndGlobalSection
EndGlobal
